// !$*UTF8*$!
{
	archiveVersion = 1;
	classes = {
	};
	objectVersion = 50;
	objects = {

/* Begin PBXBuildFile section */
		5F4C5312259FA8C70030677D /* AppDelegate.swift in Sources */ = {isa = PBXBuildFile; fileRef = 5F4C5311259FA8C70030677D /* AppDelegate.swift */; };
		5F4C5314259FA8C70030677D /* SceneDelegate.swift in Sources */ = {isa = PBXBuildFile; fileRef = 5F4C5313259FA8C70030677D /* SceneDelegate.swift */; };
		5F4C5316259FA8C70030677D /* ViewController.swift in Sources */ = {isa = PBXBuildFile; fileRef = 5F4C5315259FA8C70030677D /* ViewController.swift */; };
		5F4C5319259FA8C70030677D /* Main.storyboard in Resources */ = {isa = PBXBuildFile; fileRef = 5F4C5317259FA8C70030677D /* Main.storyboard */; };
		5F4C531B259FA8C80030677D /* Assets.xcassets in Resources */ = {isa = PBXBuildFile; fileRef = 5F4C531A259FA8C80030677D /* Assets.xcassets */; };
		5F4C531E259FA8C80030677D /* LaunchScreen.storyboard in Resources */ = {isa = PBXBuildFile; fileRef = 5F4C531C259FA8C80030677D /* LaunchScreen.storyboard */; };
		5F4C5329259FA8C80030677D /* SortTests.swift in Sources */ = {isa = PBXBuildFile; fileRef = 5F4C5328259FA8C80030677D /* SortTests.swift */; };
		5F4C5334259FA8C80030677D /* SortUITests.swift in Sources */ = {isa = PBXBuildFile; fileRef = 5F4C5333259FA8C80030677D /* SortUITests.swift */; };
/* End PBXBuildFile section */

/* Begin PBXContainerItemProxy section */
		5F4C5325259FA8C80030677D /* PBXContainerItemProxy */ = {
			isa = PBXContainerItemProxy;
			containerPortal = 5F4C5306259FA8C70030677D /* Project object */;
			proxyType = 1;
			remoteGlobalIDString = 5F4C530D259FA8C70030677D;
			remoteInfo = Sort;
		};
		5F4C5330259FA8C80030677D /* PBXContainerItemProxy */ = {
			isa = PBXContainerItemProxy;
			containerPortal = 5F4C5306259FA8C70030677D /* Project object */;
			proxyType = 1;
			remoteGlobalIDString = 5F4C530D259FA8C70030677D;
			remoteInfo = Sort;
		};
/* End PBXContainerItemProxy section */

/* Begin PBXFileReference section */
		5F4C530E259FA8C70030677D /* Sort.app */ = {isa = PBXFileReference; explicitFileType = wrapper.application; includeInIndex = 0; path = Sort.app; sourceTree = BUILT_PRODUCTS_DIR; };
		5F4C5311259FA8C70030677D /* AppDelegate.swift */ = {isa = PBXFileReference; lastKnownFileType = sourcecode.swift; path = AppDelegate.swift; sourceTree = "<group>"; };
		5F4C5313259FA8C70030677D /* SceneDelegate.swift */ = {isa = PBXFileReference; lastKnownFileType = sourcecode.swift; path = SceneDelegate.swift; sourceTree = "<group>"; };
		5F4C5315259FA8C70030677D /* ViewController.swift */ = {isa = PBXFileReference; lastKnownFileType = sourcecode.swift; path = ViewController.swift; sourceTree = "<group>"; };
		5F4C5318259FA8C70030677D /* Base */ = {isa = PBXFileReference; lastKnownFileType = file.storyboard; name = Base; path = Base.lproj/Main.storyboard; sourceTree = "<group>"; };
		5F4C531A259FA8C80030677D /* Assets.xcassets */ = {isa = PBXFileReference; lastKnownFileType = folder.assetcatalog; path = Assets.xcassets; sourceTree = "<group>"; };
		5F4C531D259FA8C80030677D /* Base */ = {isa = PBXFileReference; lastKnownFileType = file.storyboard; name = Base; path = Base.lproj/LaunchScreen.storyboard; sourceTree = "<group>"; };
		5F4C531F259FA8C80030677D /* Info.plist */ = {isa = PBXFileReference; lastKnownFileType = text.plist.xml; path = Info.plist; sourceTree = "<group>"; };
		5F4C5324259FA8C80030677D /* SortTests.xctest */ = {isa = PBXFileReference; explicitFileType = wrapper.cfbundle; includeInIndex = 0; path = SortTests.xctest; sourceTree = BUILT_PRODUCTS_DIR; };
		5F4C5328259FA8C80030677D /* SortTests.swift */ = {isa = PBXFileReference; lastKnownFileType = sourcecode.swift; path = SortTests.swift; sourceTree = "<group>"; };
		5F4C532A259FA8C80030677D /* Info.plist */ = {isa = PBXFileReference; lastKnownFileType = text.plist.xml; path = Info.plist; sourceTree = "<group>"; };
		5F4C532F259FA8C80030677D /* SortUITests.xctest */ = {isa = PBXFileReference; explicitFileType = wrapper.cfbundle; includeInIndex = 0; path = SortUITests.xctest; sourceTree = BUILT_PRODUCTS_DIR; };
		5F4C5333259FA8C80030677D /* SortUITests.swift */ = {isa = PBXFileReference; lastKnownFileType = sourcecode.swift; path = SortUITests.swift; sourceTree = "<group>"; };
		5F4C5335259FA8C80030677D /* Info.plist */ = {isa = PBXFileReference; lastKnownFileType = text.plist.xml; path = Info.plist; sourceTree = "<group>"; };
/* End PBXFileReference section */

/* Begin PBXFrameworksBuildPhase section */
		5F4C530B259FA8C70030677D /* Frameworks */ = {
			isa = PBXFrameworksBuildPhase;
			buildActionMask = 2147483647;
			files = (
			);
			runOnlyForDeploymentPostprocessing = 0;
		};
		5F4C5321259FA8C80030677D /* Frameworks */ = {
			isa = PBXFrameworksBuildPhase;
			buildActionMask = 2147483647;
			files = (
			);
			runOnlyForDeploymentPostprocessing = 0;
		};
		5F4C532C259FA8C80030677D /* Frameworks */ = {
			isa = PBXFrameworksBuildPhase;
			buildActionMask = 2147483647;
			files = (
			);
			runOnlyForDeploymentPostprocessing = 0;
		};
/* End PBXFrameworksBuildPhase section */

/* Begin PBXGroup section */
		5F4C5305259FA8C70030677D = {
			isa = PBXGroup;
			children = (
				5F4C5310259FA8C70030677D /* Sort */,
				5F4C5327259FA8C80030677D /* SortTests */,
				5F4C5332259FA8C80030677D /* SortUITests */,
				5F4C530F259FA8C70030677D /* Products */,
			);
			sourceTree = "<group>";
		};
		5F4C530F259FA8C70030677D /* Products */ = {
			isa = PBXGroup;
			children = (
				5F4C530E259FA8C70030677D /* Sort.app */,
				5F4C5324259FA8C80030677D /* SortTests.xctest */,
				5F4C532F259FA8C80030677D /* SortUITests.xctest */,
			);
			name = Products;
			sourceTree = "<group>";
		};
		5F4C5310259FA8C70030677D /* Sort */ = {
			isa = PBXGroup;
			children = (
				5F4C5311259FA8C70030677D /* AppDelegate.swift */,
				5F4C5313259FA8C70030677D /* SceneDelegate.swift */,
				5F4C5315259FA8C70030677D /* ViewController.swift */,
				5F4C5317259FA8C70030677D /* Main.storyboard */,
				5F4C531A259FA8C80030677D /* Assets.xcassets */,
				5F4C531C259FA8C80030677D /* LaunchScreen.storyboard */,
				5F4C531F259FA8C80030677D /* Info.plist */,
			);
			path = Sort;
			sourceTree = "<group>";
		};
		5F4C5327259FA8C80030677D /* SortTests */ = {
			isa = PBXGroup;
			children = (
				5F4C5328259FA8C80030677D /* SortTests.swift */,
				5F4C532A259FA8C80030677D /* Info.plist */,
			);
			path = SortTests;
			sourceTree = "<group>";
		};
		5F4C5332259FA8C80030677D /* SortUITests */ = {
			isa = PBXGroup;
			children = (
				5F4C5333259FA8C80030677D /* SortUITests.swift */,
				5F4C5335259FA8C80030677D /* Info.plist */,
			);
			path = SortUITests;
			sourceTree = "<group>";
		};
/* End PBXGroup section */

/* Begin PBXNativeTarget section */
		5F4C530D259FA8C70030677D /* Sort */ = {
			isa = PBXNativeTarget;
			buildConfigurationList = 5F4C5338259FA8C80030677D /* Build configuration list for PBXNativeTarget "Sort" */;
			buildPhases = (
				5F4C530A259FA8C70030677D /* Sources */,
				5F4C530B259FA8C70030677D /* Frameworks */,
				5F4C530C259FA8C70030677D /* Resources */,
			);
			buildRules = (
			);
			dependencies = (
			);
			name = Sort;
			productName = Sort;
			productReference = 5F4C530E259FA8C70030677D /* Sort.app */;
			productType = "com.apple.product-type.application";
		};
		5F4C5323259FA8C80030677D /* SortTests */ = {
			isa = PBXNativeTarget;
			buildConfigurationList = 5F4C533B259FA8C80030677D /* Build configuration list for PBXNativeTarget "SortTests" */;
			buildPhases = (
				5F4C5320259FA8C80030677D /* Sources */,
				5F4C5321259FA8C80030677D /* Frameworks */,
				5F4C5322259FA8C80030677D /* Resources */,
			);
			buildRules = (
			);
			dependencies = (
				5F4C5326259FA8C80030677D /* PBXTargetDependency */,
			);
			name = SortTests;
			productName = SortTests;
			productReference = 5F4C5324259FA8C80030677D /* SortTests.xctest */;
			productType = "com.apple.product-type.bundle.unit-test";
		};
		5F4C532E259FA8C80030677D /* SortUITests */ = {
			isa = PBXNativeTarget;
			buildConfigurationList = 5F4C533E259FA8C80030677D /* Build configuration list for PBXNativeTarget "SortUITests" */;
			buildPhases = (
				5F4C532B259FA8C80030677D /* Sources */,
				5F4C532C259FA8C80030677D /* Frameworks */,
				5F4C532D259FA8C80030677D /* Resources */,
			);
			buildRules = (
			);
			dependencies = (
				5F4C5331259FA8C80030677D /* PBXTargetDependency */,
			);
			name = SortUITests;
			productName = SortUITests;
			productReference = 5F4C532F259FA8C80030677D /* SortUITests.xctest */;
			productType = "com.apple.product-type.bundle.ui-testing";
		};
/* End PBXNativeTarget section */

/* Begin PBXProject section */
		5F4C5306259FA8C70030677D /* Project object */ = {
			isa = PBXProject;
			attributes = {
				LastSwiftUpdateCheck = 1210;
				LastUpgradeCheck = 1210;
				TargetAttributes = {
					5F4C530D259FA8C70030677D = {
						CreatedOnToolsVersion = 12.1;
					};
					5F4C5323259FA8C80030677D = {
						CreatedOnToolsVersion = 12.1;
						TestTargetID = 5F4C530D259FA8C70030677D;
					};
					5F4C532E259FA8C80030677D = {
						CreatedOnToolsVersion = 12.1;
						TestTargetID = 5F4C530D259FA8C70030677D;
					};
				};
			};
			buildConfigurationList = 5F4C5309259FA8C70030677D /* Build configuration list for PBXProject "Sort" */;
			compatibilityVersion = "Xcode 9.3";
			developmentRegion = en;
			hasScannedForEncodings = 0;
			knownRegions = (
				en,
				Base,
			);
			mainGroup = 5F4C5305259FA8C70030677D;
			productRefGroup = 5F4C530F259FA8C70030677D /* Products */;
			projectDirPath = "";
			projectRoot = "";
			targets = (
				5F4C530D259FA8C70030677D /* Sort */,
				5F4C5323259FA8C80030677D /* SortTests */,
				5F4C532E259FA8C80030677D /* SortUITests */,
			);
		};
/* End PBXProject section */

/* Begin PBXResourcesBuildPhase section */
		5F4C530C259FA8C70030677D /* Resources */ = {
			isa = PBXResourcesBuildPhase;
			buildActionMask = 2147483647;
			files = (
				5F4C531E259FA8C80030677D /* LaunchScreen.storyboard in Resources */,
				5F4C531B259FA8C80030677D /* Assets.xcassets in Resources */,
				5F4C5319259FA8C70030677D /* Main.storyboard in Resources */,
			);
			runOnlyForDeploymentPostprocessing = 0;
		};
		5F4C5322259FA8C80030677D /* Resources */ = {
			isa = PBXResourcesBuildPhase;
			buildActionMask = 2147483647;
			files = (
			);
			runOnlyForDeploymentPostprocessing = 0;
		};
		5F4C532D259FA8C80030677D /* Resources */ = {
			isa = PBXResourcesBuildPhase;
			buildActionMask = 2147483647;
			files = (
			);
			runOnlyForDeploymentPostprocessing = 0;
		};
/* End PBXResourcesBuildPhase section */

/* Begin PBXSourcesBuildPhase section */
		5F4C530A259FA8C70030677D /* Sources */ = {
			isa = PBXSourcesBuildPhase;
			buildActionMask = 2147483647;
			files = (
				5F4C5316259FA8C70030677D /* ViewController.swift in Sources */,
				5F4C5312259FA8C70030677D /* AppDelegate.swift in Sources */,
				5F4C5314259FA8C70030677D /* SceneDelegate.swift in Sources */,
			);
			runOnlyForDeploymentPostprocessing = 0;
		};
		5F4C5320259FA8C80030677D /* Sources */ = {
			isa = PBXSourcesBuildPhase;
			buildActionMask = 2147483647;
			files = (
				5F4C5329259FA8C80030677D /* SortTests.swift in Sources */,
			);
			runOnlyForDeploymentPostprocessing = 0;
		};
		5F4C532B259FA8C80030677D /* Sources */ = {
			isa = PBXSourcesBuildPhase;
			buildActionMask = 2147483647;
			files = (
				5F4C5334259FA8C80030677D /* SortUITests.swift in Sources */,
			);
			runOnlyForDeploymentPostprocessing = 0;
		};
/* End PBXSourcesBuildPhase section */

/* Begin PBXTargetDependency section */
		5F4C5326259FA8C80030677D /* PBXTargetDependency */ = {
			isa = PBXTargetDependency;
			target = 5F4C530D259FA8C70030677D /* Sort */;
			targetProxy = 5F4C5325259FA8C80030677D /* PBXContainerItemProxy */;
		};
		5F4C5331259FA8C80030677D /* PBXTargetDependency */ = {
			isa = PBXTargetDependency;
			target = 5F4C530D259FA8C70030677D /* Sort */;
			targetProxy = 5F4C5330259FA8C80030677D /* PBXContainerItemProxy */;
		};
/* End PBXTargetDependency section */

/* Begin PBXVariantGroup section */
		5F4C5317259FA8C70030677D /* Main.storyboard */ = {
			isa = PBXVariantGroup;
			children = (
				5F4C5318259FA8C70030677D /* Base */,
			);
			name = Main.storyboard;
			sourceTree = "<group>";
		};
		5F4C531C259FA8C80030677D /* LaunchScreen.storyboard */ = {
			isa = PBXVariantGroup;
			children = (
				5F4C531D259FA8C80030677D /* Base */,
			);
			name = LaunchScreen.storyboard;
			sourceTree = "<group>";
		};
/* End PBXVariantGroup section */

/* Begin XCBuildConfiguration section */
		5F4C5336259FA8C80030677D /* Debug */ = {
			isa = XCBuildConfiguration;
			buildSettings = {
				ALWAYS_SEARCH_USER_PATHS = NO;
				CLANG_ANALYZER_NONNULL = YES;
				CLANG_ANALYZER_NUMBER_OBJECT_CONVERSION = YES_AGGRESSIVE;
				CLANG_CXX_LANGUAGE_STANDARD = "gnu++14";
				CLANG_CXX_LIBRARY = "libc++";
				CLANG_ENABLE_MODULES = YES;
				CLANG_ENABLE_OBJC_ARC = YES;
				CLANG_ENABLE_OBJC_WEAK = YES;
				CLANG_WARN_BLOCK_CAPTURE_AUTORELEASING = YES;
				CLANG_WARN_BOOL_CONVERSION = YES;
				CLANG_WARN_COMMA = YES;
				CLANG_WARN_CONSTANT_CONVERSION = YES;
				CLANG_WARN_DEPRECATED_OBJC_IMPLEMENTATIONS = YES;
				CLANG_WARN_DIRECT_OBJC_ISA_USAGE = YES_ERROR;
				CLANG_WARN_DOCUMENTATION_COMMENTS = YES;
				CLANG_WARN_EMPTY_BODY = YES;
				CLANG_WARN_ENUM_CONVERSION = YES;
				CLANG_WARN_INFINITE_RECURSION = YES;
				CLANG_WARN_INT_CONVERSION = YES;
				CLANG_WARN_NON_LITERAL_NULL_CONVERSION = YES;
				CLANG_WARN_OBJC_IMPLICIT_RETAIN_SELF = YES;
				CLANG_WARN_OBJC_LITERAL_CONVERSION = YES;
				CLANG_WARN_OBJC_ROOT_CLASS = YES_ERROR;
				CLANG_WARN_QUOTED_INCLUDE_IN_FRAMEWORK_HEADER = YES;
				CLANG_WARN_RANGE_LOOP_ANALYSIS = YES;
				CLANG_WARN_STRICT_PROTOTYPES = YES;
				CLANG_WARN_SUSPICIOUS_MOVE = YES;
				CLANG_WARN_UNGUARDED_AVAILABILITY = YES_AGGRESSIVE;
				CLANG_WARN_UNREACHABLE_CODE = YES;
				CLANG_WARN__DUPLICATE_METHOD_MATCH = YES;
				COPY_PHASE_STRIP = NO;
				DEBUG_INFORMATION_FORMAT = dwarf;
				ENABLE_STRICT_OBJC_MSGSEND = YES;
				ENABLE_TESTABILITY = YES;
				GCC_C_LANGUAGE_STANDARD = gnu11;
				GCC_DYNAMIC_NO_PIC = NO;
				GCC_NO_COMMON_BLOCKS = YES;
				GCC_OPTIMIZATION_LEVEL = 0;
				GCC_PREPROCESSOR_DEFINITIONS = (
					"DEBUG=1",
					"$(inherited)",
				);
				GCC_WARN_64_TO_32_BIT_CONVERSION = YES;
				GCC_WARN_ABOUT_RETURN_TYPE = YES_ERROR;
				GCC_WARN_UNDECLARED_SELECTOR = YES;
				GCC_WARN_UNINITIALIZED_AUTOS = YES_AGGRESSIVE;
				GCC_WARN_UNUSED_FUNCTION = YES;
				GCC_WARN_UNUSED_VARIABLE = YES;
				IPHONEOS_DEPLOYMENT_TARGET = 14.1;
				MTL_ENABLE_DEBUG_INFO = INCLUDE_SOURCE;
				MTL_FAST_MATH = YES;
				ONLY_ACTIVE_ARCH = YES;
				SDKROOT = iphoneos;
				SWIFT_ACTIVE_COMPILATION_CONDITIONS = DEBUG;
				SWIFT_OPTIMIZATION_LEVEL = "-Onone";
			};
			name = Debug;
		};
		5F4C5337259FA8C80030677D /* Release */ = {
			isa = XCBuildConfiguration;
			buildSettings = {
				ALWAYS_SEARCH_USER_PATHS = NO;
				CLANG_ANALYZER_NONNULL = YES;
				CLANG_ANALYZER_NUMBER_OBJECT_CONVERSION = YES_AGGRESSIVE;
				CLANG_CXX_LANGUAGE_STANDARD = "gnu++14";
				CLANG_CXX_LIBRARY = "libc++";
				CLANG_ENABLE_MODULES = YES;
				CLANG_ENABLE_OBJC_ARC = YES;
				CLANG_ENABLE_OBJC_WEAK = YES;
				CLANG_WARN_BLOCK_CAPTURE_AUTORELEASING = YES;
				CLANG_WARN_BOOL_CONVERSION = YES;
				CLANG_WARN_COMMA = YES;
				CLANG_WARN_CONSTANT_CONVERSION = YES;
				CLANG_WARN_DEPRECATED_OBJC_IMPLEMENTATIONS = YES;
				CLANG_WARN_DIRECT_OBJC_ISA_USAGE = YES_ERROR;
				CLANG_WARN_DOCUMENTATION_COMMENTS = YES;
				CLANG_WARN_EMPTY_BODY = YES;
				CLANG_WARN_ENUM_CONVERSION = YES;
				CLANG_WARN_INFINITE_RECURSION = YES;
				CLANG_WARN_INT_CONVERSION = YES;
				CLANG_WARN_NON_LITERAL_NULL_CONVERSION = YES;
				CLANG_WARN_OBJC_IMPLICIT_RETAIN_SELF = YES;
				CLANG_WARN_OBJC_LITERAL_CONVERSION = YES;
				CLANG_WARN_OBJC_ROOT_CLASS = YES_ERROR;
				CLANG_WARN_QUOTED_INCLUDE_IN_FRAMEWORK_HEADER = YES;
				CLANG_WARN_RANGE_LOOP_ANALYSIS = YES;
				CLANG_WARN_STRICT_PROTOTYPES = YES;
				CLANG_WARN_SUSPICIOUS_MOVE = YES;
				CLANG_WARN_UNGUARDED_AVAILABILITY = YES_AGGRESSIVE;
				CLANG_WARN_UNREACHABLE_CODE = YES;
				CLANG_WARN__DUPLICATE_METHOD_MATCH = YES;
				COPY_PHASE_STRIP = NO;
				DEBUG_INFORMATION_FORMAT = "dwarf-with-dsym";
				ENABLE_NS_ASSERTIONS = NO;
				ENABLE_STRICT_OBJC_MSGSEND = YES;
				GCC_C_LANGUAGE_STANDARD = gnu11;
				GCC_NO_COMMON_BLOCKS = YES;
				GCC_WARN_64_TO_32_BIT_CONVERSION = YES;
				GCC_WARN_ABOUT_RETURN_TYPE = YES_ERROR;
				GCC_WARN_UNDECLARED_SELECTOR = YES;
				GCC_WARN_UNINITIALIZED_AUTOS = YES_AGGRESSIVE;
				GCC_WARN_UNUSED_FUNCTION = YES;
				GCC_WARN_UNUSED_VARIABLE = YES;
				IPHONEOS_DEPLOYMENT_TARGET = 14.1;
				MTL_ENABLE_DEBUG_INFO = NO;
				MTL_FAST_MATH = YES;
				SDKROOT = iphoneos;
				SWIFT_COMPILATION_MODE = wholemodule;
				SWIFT_OPTIMIZATION_LEVEL = "-O";
				VALIDATE_PRODUCT = YES;
			};
			name = Release;
		};
		5F4C5339259FA8C80030677D /* Debug */ = {
			isa = XCBuildConfiguration;
			buildSettings = {
				ASSETCATALOG_COMPILER_APPICON_NAME = AppIcon;
				ASSETCATALOG_COMPILER_GLOBAL_ACCENT_COLOR_NAME = AccentColor;
				CODE_SIGN_STYLE = Automatic;
				DEVELOPMENT_TEAM = A4E4JK59L4;
				INFOPLIST_FILE = Sort/Info.plist;
				LD_RUNPATH_SEARCH_PATHS = (
					"$(inherited)",
					"@executable_path/Frameworks",
				);
				PRODUCT_BUNDLE_IDENTIFIER = ru.hdmast.Sort;
				PRODUCT_NAME = "$(TARGET_NAME)";
				SWIFT_VERSION = 5.0;
				TARGETED_DEVICE_FAMILY = "1,2";
			};
			name = Debug;
		};
		5F4C533A259FA8C80030677D /* Release */ = {
			isa = XCBuildConfiguration;
			buildSettings = {
				ASSETCATALOG_COMPILER_APPICON_NAME = AppIcon;
				ASSETCATALOG_COMPILER_GLOBAL_ACCENT_COLOR_NAME = AccentColor;
				CODE_SIGN_STYLE = Automatic;
				DEVELOPMENT_TEAM = A4E4JK59L4;
				INFOPLIST_FILE = Sort/Info.plist;
				LD_RUNPATH_SEARCH_PATHS = (
					"$(inherited)",
					"@executable_path/Frameworks",
				);
				PRODUCT_BUNDLE_IDENTIFIER = ru.hdmast.Sort;
				PRODUCT_NAME = "$(TARGET_NAME)";
				SWIFT_VERSION = 5.0;
				TARGETED_DEVICE_FAMILY = "1,2";
			};
			name = Release;
		};
		5F4C533C259FA8C80030677D /* Debug */ = {
			isa = XCBuildConfiguration;
			buildSettings = {
				ALWAYS_EMBED_SWIFT_STANDARD_LIBRARIES = YES;
				BUNDLE_LOADER = "$(TEST_HOST)";
				CODE_SIGN_STYLE = Automatic;
				DEVELOPMENT_TEAM = A4E4JK59L4;
				INFOPLIST_FILE = SortTests/Info.plist;
				IPHONEOS_DEPLOYMENT_TARGET = 14.1;
				LD_RUNPATH_SEARCH_PATHS = (
					"$(inherited)",
					"@executable_path/Frameworks",
					"@loader_path/Frameworks",
				);
				PRODUCT_BUNDLE_IDENTIFIER = ru.hdmast.SortTests;
				PRODUCT_NAME = "$(TARGET_NAME)";
				SWIFT_VERSION = 5.0;
				TARGETED_DEVICE_FAMILY = "1,2";
				TEST_HOST = "$(BUILT_PRODUCTS_DIR)/Sort.app/Sort";
			};
			name = Debug;
		};
		5F4C533D259FA8C80030677D /* Release */ = {
			isa = XCBuildConfiguration;
			buildSettings = {
				ALWAYS_EMBED_SWIFT_STANDARD_LIBRARIES = YES;
				BUNDLE_LOADER = "$(TEST_HOST)";
				CODE_SIGN_STYLE = Automatic;
				DEVELOPMENT_TEAM = A4E4JK59L4;
				INFOPLIST_FILE = SortTests/Info.plist;
				IPHONEOS_DEPLOYMENT_TARGET = 14.1;
				LD_RUNPATH_SEARCH_PATHS = (
					"$(inherited)",
					"@executable_path/Frameworks",
					"@loader_path/Frameworks",
				);
				PRODUCT_BUNDLE_IDENTIFIER = ru.hdmast.SortTests;
				PRODUCT_NAME = "$(TARGET_NAME)";
				SWIFT_VERSION = 5.0;
				TARGETED_DEVICE_FAMILY = "1,2";
				TEST_HOST = "$(BUILT_PRODUCTS_DIR)/Sort.app/Sort";
			};
			name = Release;
		};
		5F4C533F259FA8C80030677D /* Debug */ = {
			isa = XCBuildConfiguration;
			buildSettings = {
				ALWAYS_EMBED_SWIFT_STANDARD_LIBRARIES = YES;
				CODE_SIGN_STYLE = Automatic;
				DEVELOPMENT_TEAM = A4E4JK59L4;
				INFOPLIST_FILE = SortUITests/Info.plist;
				LD_RUNPATH_SEARCH_PATHS = (
					"$(inherited)",
					"@executable_path/Frameworks",
					"@loader_path/Frameworks",
				);
				PRODUCT_BUNDLE_IDENTIFIER = ru.hdmast.SortUITests;
				PRODUCT_NAME = "$(TARGET_NAME)";
				SWIFT_VERSION = 5.0;
				TARGETED_DEVICE_FAMILY = "1,2";
				TEST_TARGET_NAME = Sort;
			};
			name = Debug;
		};
		5F4C5340259FA8C80030677D /* Release */ = {
			isa = XCBuildConfiguration;
			buildSettings = {
				ALWAYS_EMBED_SWIFT_STANDARD_LIBRARIES = YES;
				CODE_SIGN_STYLE = Automatic;
				DEVELOPMENT_TEAM = A4E4JK59L4;
				INFOPLIST_FILE = SortUITests/Info.plist;
				LD_RUNPATH_SEARCH_PATHS = (
					"$(inherited)",
					"@executable_path/Frameworks",
					"@loader_path/Frameworks",
				);
				PRODUCT_BUNDLE_IDENTIFIER = ru.hdmast.SortUITests;
				PRODUCT_NAME = "$(TARGET_NAME)";
				SWIFT_VERSION = 5.0;
				TARGETED_DEVICE_FAMILY = "1,2";
				TEST_TARGET_NAME = Sort;
			};
			name = Release;
		};
/* End XCBuildConfiguration section */

/* Begin XCConfigurationList section */
		5F4C5309259FA8C70030677D /* Build configuration list for PBXProject "Sort" */ = {
			isa = XCConfigurationList;
			buildConfigurations = (
				5F4C5336259FA8C80030677D /* Debug */,
				5F4C5337259FA8C80030677D /* Release */,
			);
			defaultConfigurationIsVisible = 0;
			defaultConfigurationName = Release;
		};
		5F4C5338259FA8C80030677D /* Build configuration list for PBXNativeTarget "Sort" */ = {
			isa = XCConfigurationList;
			buildConfigurations = (
				5F4C5339259FA8C80030677D /* Debug */,
				5F4C533A259FA8C80030677D /* Release */,
			);
			defaultConfigurationIsVisible = 0;
			defaultConfigurationName = Release;
		};
		5F4C533B259FA8C80030677D /* Build configuration list for PBXNativeTarget "SortTests" */ = {
			isa = XCConfigurationList;
			buildConfigurations = (
				5F4C533C259FA8C80030677D /* Debug */,
				5F4C533D259FA8C80030677D /* Release */,
			);
			defaultConfigurationIsVisible = 0;
			defaultConfigurationName = Release;
		};
		5F4C533E259FA8C80030677D /* Build configuration list for PBXNativeTarget "SortUITests" */ = {
			isa = XCConfigurationList;
			buildConfigurations = (
				5F4C533F259FA8C80030677D /* Debug */,
				5F4C5340259FA8C80030677D /* Release */,
			);
			defaultConfigurationIsVisible = 0;
			defaultConfigurationName = Release;
		};
/* End XCConfigurationList section */
	};
	rootObject = 5F4C5306259FA8C70030677D /* Project object */;
}
